
Microsoft Visual Studio Solution File, Format Version 9.00
# Visual Studio 2005
Project("{8BC9CEB8-8B4A-11D0-8D11-00A0C91BC942}") = "order", "order\order.vcproj", "{337716C6-6D51-40B9-9F0E-4BF308F5A300}"
EndProject
Global
	GlobalSection(SolutionConfigurationPlatforms) = preSolution
		Debug|Win32 = Debug|Win32
		Release|Win32 = Release|Win32
	EndGlobalSection
	GlobalSection(ProjectConfigurationPlatforms) = postSolution
		{337716C6-6D51-40B9-9F0E-4BF308F5A300}.Debug|Win32.ActiveCfg = Debug|Win32
		{337716C6-6D51-40B9-9F0E-4BF308F5A300}.Debug|Win32.Build.0 = Debug|Win32
		{337716C6-6D51-40B9-9F0E-4BF308F5A300}.Release|Win32.ActiveCfg = Release|Win32
		{337716C6-6D51-40B9-9F0E-4BF308F5A300}.Release|Win32.Build.0 = Release|Win32
	EndGlobalSection
	GlobalSection(SolutionProperties) = preSolution
		HideSolutionNode = FALSE
	EndGlobalSection
EndGlobal
